
Microsoft Visual Studio Solution File, Format Version 12.00
# Visual Studio Version 16
VisualStudioVersion = 16.0.29025.244
MinimumVisualStudioVersion = 10.0.40219.1
Project("{FAE04EC0-301F-11D3-BF4B-00C04F79EFBC}") = "Aufzaelung", "Aufzaelung\Aufzaelung.csproj", "{6E3E8627-3540-45AA-8365-63E9CFD18C3B}"
EndProject
Global
	GlobalSection(SolutionConfigurationPlatforms) = preSolution
		Debug|Any CPU = Debug|Any CPU
		Release|Any CPU = Release|Any CPU
	EndGlobalSection
	GlobalSection(ProjectConfigurationPlatforms) = postSolution
		{6E3E8627-3540-45AA-8365-63E9CFD18C3B}.Debug|Any CPU.ActiveCfg = Debug|Any CPU
		{6E3E8627-3540-45AA-8365-63E9CFD18C3B}.Debug|Any CPU.Build.0 = Debug|Any CPU
		{6E3E8627-3540-45AA-8365-63E9CFD18C3B}.Release|Any CPU.ActiveCfg = Release|Any CPU
		{6E3E8627-3540-45AA-8365-63E9CFD18C3B}.Release|Any CPU.Build.0 = Release|Any CPU
	EndGlobalSection
	GlobalSection(SolutionProperties) = preSolution
		HideSolutionNode = FALSE
	EndGlobalSection
	GlobalSection(ExtensibilityGlobals) = postSolution
		SolutionGuid = {7BF6FB02-7534-46C5-8EB8-1EC6E93D7298}
	EndGlobalSection
EndGlobal
